
Microsoft Visual Studio Solution File, Format Version 12.00
# Visual Studio Version 16
VisualStudioVersion = 16.0.28729.10
MinimumVisualStudioVersion = 10.0.40219.1
Project("{FAE04EC0-301F-11D3-BF4B-00C04F79EFBC}") = "Calculator_OOP", "Calculator_OOP.csproj", "{E79C92B9-2AEF-464A-9871-6C06D7F49316}"
EndProject
Global
	GlobalSection(SolutionConfigurationPlatforms) = preSolution
		Debug|Any CPU = Debug|Any CPU
		Release|Any CPU = Release|Any CPU
	EndGlobalSection
	GlobalSection(ProjectConfigurationPlatforms) = postSolution
		{E79C92B9-2AEF-464A-9871-6C06D7F49316}.Debug|Any CPU.ActiveCfg = Debug|Any CPU
		{E79C92B9-2AEF-464A-9871-6C06D7F49316}.Debug|Any CPU.Build.0 = Debug|Any CPU
		{E79C92B9-2AEF-464A-9871-6C06D7F49316}.Release|Any CPU.ActiveCfg = Release|Any CPU
		{E79C92B9-2AEF-464A-9871-6C06D7F49316}.Release|Any CPU.Build.0 = Release|Any CPU
	EndGlobalSection
	GlobalSection(SolutionProperties) = preSolution
		HideSolutionNode = FALSE
	EndGlobalSection
	GlobalSection(ExtensibilityGlobals) = postSolution
		SolutionGuid = {0E55B101-F13C-4276-83FF-FA6D96E177F7}
	EndGlobalSection
EndGlobal
